
Microsoft Visual Studio Solution File, Format Version 12.00
# Visual Studio Version 17
VisualStudioVersion = 17.14.36518.9 d17.14
MinimumVisualStudioVersion = 10.0.40219.1
Project("{FAE04EC0-301F-11D3-BF4B-00C04F79EFBC}") = "GorselProg", "GorselProg\GorselProg.csproj", "{2EE81BB7-652E-42C1-854D-C6F4B62E03CB}"
EndProject
Global
	GlobalSection(SolutionConfigurationPlatforms) = preSolution
		Debug|Any CPU = Debug|Any CPU
		Release|Any CPU = Release|Any CPU
	EndGlobalSection
	GlobalSection(ProjectConfigurationPlatforms) = postSolution
		{2EE81BB7-652E-42C1-854D-C6F4B62E03CB}.Debug|Any CPU.ActiveCfg = Debug|Any CPU
		{2EE81BB7-652E-42C1-854D-C6F4B62E03CB}.Debug|Any CPU.Build.0 = Debug|Any CPU
		{2EE81BB7-652E-42C1-854D-C6F4B62E03CB}.Release|Any CPU.ActiveCfg = Release|Any CPU
		{2EE81BB7-652E-42C1-854D-C6F4B62E03CB}.Release|Any CPU.Build.0 = Release|Any CPU
	EndGlobalSection
	GlobalSection(SolutionProperties) = preSolution
		HideSolutionNode = FALSE
	EndGlobalSection
	GlobalSection(ExtensibilityGlobals) = postSolution
		SolutionGuid = {DBA2C926-C8F0-43CB-9325-AFD7CBACFCFF}
	EndGlobalSection
EndGlobal
